
Microsoft Visual Studio Solution File, Format Version 12.00
# Visual Studio 15
VisualStudioVersion = 15.0.27428.2015
MinimumVisualStudioVersion = 10.0.40219.1
Project("{FAE04EC0-301F-11D3-BF4B-00C04F79EFBC}") = "NumberGeneratorLambda", "NumberGeneratorLambda\NumberGeneratorLambda.csproj", "{A3718D1A-FA56-4EB7-961E-D73EEE105680}"
EndProject
Global
	GlobalSection(SolutionConfigurationPlatforms) = preSolution
		Debug|Any CPU = Debug|Any CPU
		Release|Any CPU = Release|Any CPU
	EndGlobalSection
	GlobalSection(ProjectConfigurationPlatforms) = postSolution
		{A3718D1A-FA56-4EB7-961E-D73EEE105680}.Debug|Any CPU.ActiveCfg = Debug|Any CPU
		{A3718D1A-FA56-4EB7-961E-D73EEE105680}.Debug|Any CPU.Build.0 = Debug|Any CPU
		{A3718D1A-FA56-4EB7-961E-D73EEE105680}.Release|Any CPU.ActiveCfg = Release|Any CPU
		{A3718D1A-FA56-4EB7-961E-D73EEE105680}.Release|Any CPU.Build.0 = Release|Any CPU
	EndGlobalSection
	GlobalSection(SolutionProperties) = preSolution
		HideSolutionNode = FALSE
	EndGlobalSection
	GlobalSection(ExtensibilityGlobals) = postSolution
		SolutionGuid = {96A2AB5E-9232-4681-AD20-B0764A1B16EE}
	EndGlobalSection
EndGlobal
