
Microsoft Visual Studio Solution File, Format Version 12.00
# Visual Studio 14
VisualStudioVersion = 14.0.25420.1
MinimumVisualStudioVersion = 10.0.40219.1
Project("{FAE04EC0-301F-11D3-BF4B-00C04F79EFBC}") = "StockExchangeSimulator", "StockExchangeSimulator\StockExchangeSimulator.csproj", "{A6C2A7BC-019A-4A26-A549-AE47FA78A3B9}"
EndProject
Project("{FAE04EC0-301F-11D3-BF4B-00C04F79EFBC}") = "StockExchangeSimulator.Core", "StockExchangeSimulator.Core\StockExchangeSimulator.Core.csproj", "{BF85B5FB-F824-42D5-8D9C-EDF98EE584E8}"
EndProject
Global
	GlobalSection(SolutionConfigurationPlatforms) = preSolution
		Debug|Any CPU = Debug|Any CPU
		Release|Any CPU = Release|Any CPU
	EndGlobalSection
	GlobalSection(ProjectConfigurationPlatforms) = postSolution
		{A6C2A7BC-019A-4A26-A549-AE47FA78A3B9}.Debug|Any CPU.ActiveCfg = Debug|Any CPU
		{A6C2A7BC-019A-4A26-A549-AE47FA78A3B9}.Debug|Any CPU.Build.0 = Debug|Any CPU
		{A6C2A7BC-019A-4A26-A549-AE47FA78A3B9}.Release|Any CPU.ActiveCfg = Release|Any CPU
		{A6C2A7BC-019A-4A26-A549-AE47FA78A3B9}.Release|Any CPU.Build.0 = Release|Any CPU
		{BF85B5FB-F824-42D5-8D9C-EDF98EE584E8}.Debug|Any CPU.ActiveCfg = Debug|Any CPU
		{BF85B5FB-F824-42D5-8D9C-EDF98EE584E8}.Debug|Any CPU.Build.0 = Debug|Any CPU
		{BF85B5FB-F824-42D5-8D9C-EDF98EE584E8}.Release|Any CPU.ActiveCfg = Release|Any CPU
		{BF85B5FB-F824-42D5-8D9C-EDF98EE584E8}.Release|Any CPU.Build.0 = Release|Any CPU
	EndGlobalSection
	GlobalSection(SolutionProperties) = preSolution
		HideSolutionNode = FALSE
	EndGlobalSection
EndGlobal
