
Microsoft Visual Studio Solution File, Format Version 12.00
# Visual Studio 15
VisualStudioVersion = 15.0.27428.2015
MinimumVisualStudioVersion = 10.0.40219.1
Project("{FAE04EC0-301F-11D3-BF4B-00C04F79EFBC}") = "EPAM_homework_exceptions_and_logging", "EPAM_homework_exceptions_and_logging.csproj", "{5C45B5A1-1578-4655-A083-A10519C954F7}"
EndProject
Global
	GlobalSection(SolutionConfigurationPlatforms) = preSolution
		Debug|Any CPU = Debug|Any CPU
		Release|Any CPU = Release|Any CPU
	EndGlobalSection
	GlobalSection(ProjectConfigurationPlatforms) = postSolution
		{5C45B5A1-1578-4655-A083-A10519C954F7}.Debug|Any CPU.ActiveCfg = Debug|Any CPU
		{5C45B5A1-1578-4655-A083-A10519C954F7}.Debug|Any CPU.Build.0 = Debug|Any CPU
		{5C45B5A1-1578-4655-A083-A10519C954F7}.Release|Any CPU.ActiveCfg = Release|Any CPU
		{5C45B5A1-1578-4655-A083-A10519C954F7}.Release|Any CPU.Build.0 = Release|Any CPU
	EndGlobalSection
	GlobalSection(SolutionProperties) = preSolution
		HideSolutionNode = FALSE
	EndGlobalSection
	GlobalSection(ExtensibilityGlobals) = postSolution
		SolutionGuid = {F5D4B775-3E71-48A4-9DBC-291D2A61BECE}
	EndGlobalSection
EndGlobal
