
Microsoft Visual Studio Solution File, Format Version 12.00
# Visual Studio 15
VisualStudioVersion = 15.0.27428.2027
MinimumVisualStudioVersion = 10.0.40219.1
Project("{FAE04EC0-301F-11D3-BF4B-00C04F79EFBC}") = "Delegates", "Delegates\Delegates.csproj", "{A096FC39-E8B2-401E-B115-7124B59FFF8C}"
EndProject
Global
	GlobalSection(SolutionConfigurationPlatforms) = preSolution
		Debug|Any CPU = Debug|Any CPU
		Release|Any CPU = Release|Any CPU
	EndGlobalSection
	GlobalSection(ProjectConfigurationPlatforms) = postSolution
		{A096FC39-E8B2-401E-B115-7124B59FFF8C}.Debug|Any CPU.ActiveCfg = Debug|Any CPU
		{A096FC39-E8B2-401E-B115-7124B59FFF8C}.Debug|Any CPU.Build.0 = Debug|Any CPU
		{A096FC39-E8B2-401E-B115-7124B59FFF8C}.Release|Any CPU.ActiveCfg = Release|Any CPU
		{A096FC39-E8B2-401E-B115-7124B59FFF8C}.Release|Any CPU.Build.0 = Release|Any CPU
	EndGlobalSection
	GlobalSection(SolutionProperties) = preSolution
		HideSolutionNode = FALSE
	EndGlobalSection
	GlobalSection(ExtensibilityGlobals) = postSolution
		SolutionGuid = {7C05B5F1-930B-4837-A12D-A6ECEC3E6A6A}
	EndGlobalSection
EndGlobal
