
Microsoft Visual Studio Solution File, Format Version 12.00
# Visual Studio 15
VisualStudioVersion = 15.0.26730.15
MinimumVisualStudioVersion = 10.0.40219.1
Project("{FAE04EC0-301F-11D3-BF4B-00C04F79EFBC}") = "Task2", "Task2\Task2.csproj", "{40363A4D-2CE1-44B7-ACDB-B4EE06CBF852}"
EndProject
Global
	GlobalSection(SolutionConfigurationPlatforms) = preSolution
		Debug|Any CPU = Debug|Any CPU
		Release|Any CPU = Release|Any CPU
	EndGlobalSection
	GlobalSection(ProjectConfigurationPlatforms) = postSolution
		{40363A4D-2CE1-44B7-ACDB-B4EE06CBF852}.Debug|Any CPU.ActiveCfg = Debug|Any CPU
		{40363A4D-2CE1-44B7-ACDB-B4EE06CBF852}.Debug|Any CPU.Build.0 = Debug|Any CPU
		{40363A4D-2CE1-44B7-ACDB-B4EE06CBF852}.Release|Any CPU.ActiveCfg = Release|Any CPU
		{40363A4D-2CE1-44B7-ACDB-B4EE06CBF852}.Release|Any CPU.Build.0 = Release|Any CPU
	EndGlobalSection
	GlobalSection(SolutionProperties) = preSolution
		HideSolutionNode = FALSE
	EndGlobalSection
	GlobalSection(ExtensibilityGlobals) = postSolution
		SolutionGuid = {EE376797-0B8E-466A-A69C-16DBD2EDAC9B}
	EndGlobalSection
EndGlobal
