
Microsoft Visual Studio Solution File, Format Version 12.00
# Visual Studio 15
VisualStudioVersion = 15.0.27428.2015
MinimumVisualStudioVersion = 10.0.40219.1
Project("{FAE04EC0-301F-11D3-BF4B-00C04F79EFBC}") = "EntityConsoleApp", "EntityConsoleApp\EntityConsoleApp.csproj", "{F79D2990-3CF2-4AE1-8101-AC6BADD2864F}"
EndProject
Project("{FAE04EC0-301F-11D3-BF4B-00C04F79EFBC}") = "EntityCore", "EntityCore\EntityCore.csproj", "{43C80092-CE35-4725-A69A-B4A96E65EDC3}"
EndProject
Global
	GlobalSection(SolutionConfigurationPlatforms) = preSolution
		Debug|Any CPU = Debug|Any CPU
		Release|Any CPU = Release|Any CPU
	EndGlobalSection
	GlobalSection(ProjectConfigurationPlatforms) = postSolution
		{F79D2990-3CF2-4AE1-8101-AC6BADD2864F}.Debug|Any CPU.ActiveCfg = Debug|Any CPU
		{F79D2990-3CF2-4AE1-8101-AC6BADD2864F}.Debug|Any CPU.Build.0 = Debug|Any CPU
		{F79D2990-3CF2-4AE1-8101-AC6BADD2864F}.Release|Any CPU.ActiveCfg = Release|Any CPU
		{F79D2990-3CF2-4AE1-8101-AC6BADD2864F}.Release|Any CPU.Build.0 = Release|Any CPU
		{43C80092-CE35-4725-A69A-B4A96E65EDC3}.Debug|Any CPU.ActiveCfg = Debug|Any CPU
		{43C80092-CE35-4725-A69A-B4A96E65EDC3}.Debug|Any CPU.Build.0 = Debug|Any CPU
		{43C80092-CE35-4725-A69A-B4A96E65EDC3}.Release|Any CPU.ActiveCfg = Release|Any CPU
		{43C80092-CE35-4725-A69A-B4A96E65EDC3}.Release|Any CPU.Build.0 = Release|Any CPU
	EndGlobalSection
	GlobalSection(SolutionProperties) = preSolution
		HideSolutionNode = FALSE
	EndGlobalSection
	GlobalSection(ExtensibilityGlobals) = postSolution
		SolutionGuid = {F9F03330-6B70-48D4-AC8D-2B9CF964367A}
	EndGlobalSection
EndGlobal
