
Microsoft Visual Studio Solution File, Format Version 12.00
# Visual Studio 15
VisualStudioVersion = 15.0.27130.2027
MinimumVisualStudioVersion = 10.0.40219.1
Project("{FAE04EC0-301F-11D3-BF4B-00C04F79EFBC}") = "BoardGame.ConsoleApp", "DoorsAndLevels.ConsoleApp\BoardGame.ConsoleApp.csproj", "{77CCEFAA-3B91-4377-A163-3C3F98C7016F}"
EndProject
Project("{FAE04EC0-301F-11D3-BF4B-00C04F79EFBC}") = "BoardGame.Core", "DoorsAndLevels.Core\BoardGame.Core.csproj", "{726007E5-CBE0-4AC4-ADF7-EBE487D66CC9}"
EndProject
Global
	GlobalSection(SolutionConfigurationPlatforms) = preSolution
		Debug|Any CPU = Debug|Any CPU
		Release|Any CPU = Release|Any CPU
	EndGlobalSection
	GlobalSection(ProjectConfigurationPlatforms) = postSolution
		{77CCEFAA-3B91-4377-A163-3C3F98C7016F}.Debug|Any CPU.ActiveCfg = Debug|Any CPU
		{77CCEFAA-3B91-4377-A163-3C3F98C7016F}.Debug|Any CPU.Build.0 = Debug|Any CPU
		{77CCEFAA-3B91-4377-A163-3C3F98C7016F}.Release|Any CPU.ActiveCfg = Release|Any CPU
		{77CCEFAA-3B91-4377-A163-3C3F98C7016F}.Release|Any CPU.Build.0 = Release|Any CPU
		{726007E5-CBE0-4AC4-ADF7-EBE487D66CC9}.Debug|Any CPU.ActiveCfg = Debug|Any CPU
		{726007E5-CBE0-4AC4-ADF7-EBE487D66CC9}.Debug|Any CPU.Build.0 = Debug|Any CPU
		{726007E5-CBE0-4AC4-ADF7-EBE487D66CC9}.Release|Any CPU.ActiveCfg = Release|Any CPU
		{726007E5-CBE0-4AC4-ADF7-EBE487D66CC9}.Release|Any CPU.Build.0 = Release|Any CPU
	EndGlobalSection
	GlobalSection(SolutionProperties) = preSolution
		HideSolutionNode = FALSE
	EndGlobalSection
	GlobalSection(ExtensibilityGlobals) = postSolution
		SolutionGuid = {895673BD-CFA6-46A6-A21E-AF6FE7FA4102}
	EndGlobalSection
EndGlobal
