
Microsoft Visual Studio Solution File, Format Version 12.00
# Visual Studio 15
VisualStudioVersion = 15.0.27428.2015
MinimumVisualStudioVersion = 10.0.40219.1
Project("{FAE04EC0-301F-11D3-BF4B-00C04F79EFBC}") = "Task5.App", "Task5.App\Task5.App.csproj", "{622467AE-CD0B-45D8-9266-E9C92146F1AD}"
EndProject
Project("{FAE04EC0-301F-11D3-BF4B-00C04F79EFBC}") = "Task5.Core", "Task5.Core\Task5.Core.csproj", "{AA97438B-9CBF-43AA-A8D2-08E001DF5F0A}"
EndProject
Global
	GlobalSection(SolutionConfigurationPlatforms) = preSolution
		Debug|Any CPU = Debug|Any CPU
		Release|Any CPU = Release|Any CPU
	EndGlobalSection
	GlobalSection(ProjectConfigurationPlatforms) = postSolution
		{622467AE-CD0B-45D8-9266-E9C92146F1AD}.Debug|Any CPU.ActiveCfg = Debug|Any CPU
		{622467AE-CD0B-45D8-9266-E9C92146F1AD}.Debug|Any CPU.Build.0 = Debug|Any CPU
		{622467AE-CD0B-45D8-9266-E9C92146F1AD}.Release|Any CPU.ActiveCfg = Release|Any CPU
		{622467AE-CD0B-45D8-9266-E9C92146F1AD}.Release|Any CPU.Build.0 = Release|Any CPU
		{AA97438B-9CBF-43AA-A8D2-08E001DF5F0A}.Debug|Any CPU.ActiveCfg = Debug|Any CPU
		{AA97438B-9CBF-43AA-A8D2-08E001DF5F0A}.Debug|Any CPU.Build.0 = Debug|Any CPU
		{AA97438B-9CBF-43AA-A8D2-08E001DF5F0A}.Release|Any CPU.ActiveCfg = Release|Any CPU
		{AA97438B-9CBF-43AA-A8D2-08E001DF5F0A}.Release|Any CPU.Build.0 = Release|Any CPU
	EndGlobalSection
	GlobalSection(SolutionProperties) = preSolution
		HideSolutionNode = FALSE
	EndGlobalSection
	GlobalSection(ExtensibilityGlobals) = postSolution
		SolutionGuid = {0FE2247E-01E3-4B18-B9D7-EC96E7D5561F}
	EndGlobalSection
EndGlobal
