
Microsoft Visual Studio Solution File, Format Version 12.00
# Visual Studio 15
VisualStudioVersion = 15.0.27428.2015
MinimumVisualStudioVersion = 10.0.40219.1
Project("{FAE04EC0-301F-11D3-BF4B-00C04F79EFBC}") = "LinqCore", "LinqCore\LinqCore.csproj", "{C52AAFC6-C0C8-4054-826D-D91C3D43212C}"
EndProject
Project("{FAE04EC0-301F-11D3-BF4B-00C04F79EFBC}") = "ConsoleOutput", "ConsoleOutput\ConsoleOutput.csproj", "{FECDB46E-411E-4440-9148-4A6DBF17ED37}"
EndProject
Project("{FAE04EC0-301F-11D3-BF4B-00C04F79EFBC}") = "LinqToDbEf", "LinqToDbEf\LinqToDbEf.csproj", "{4680467B-BB44-4B3A-AC70-BA89C91D1AF1}"
EndProject
Global
	GlobalSection(SolutionConfigurationPlatforms) = preSolution
		Debug|Any CPU = Debug|Any CPU
		Release|Any CPU = Release|Any CPU
	EndGlobalSection
	GlobalSection(ProjectConfigurationPlatforms) = postSolution
		{C52AAFC6-C0C8-4054-826D-D91C3D43212C}.Debug|Any CPU.ActiveCfg = Debug|Any CPU
		{C52AAFC6-C0C8-4054-826D-D91C3D43212C}.Debug|Any CPU.Build.0 = Debug|Any CPU
		{C52AAFC6-C0C8-4054-826D-D91C3D43212C}.Release|Any CPU.ActiveCfg = Release|Any CPU
		{C52AAFC6-C0C8-4054-826D-D91C3D43212C}.Release|Any CPU.Build.0 = Release|Any CPU
		{FECDB46E-411E-4440-9148-4A6DBF17ED37}.Debug|Any CPU.ActiveCfg = Debug|Any CPU
		{FECDB46E-411E-4440-9148-4A6DBF17ED37}.Debug|Any CPU.Build.0 = Debug|Any CPU
		{FECDB46E-411E-4440-9148-4A6DBF17ED37}.Release|Any CPU.ActiveCfg = Release|Any CPU
		{FECDB46E-411E-4440-9148-4A6DBF17ED37}.Release|Any CPU.Build.0 = Release|Any CPU
		{4680467B-BB44-4B3A-AC70-BA89C91D1AF1}.Debug|Any CPU.ActiveCfg = Debug|Any CPU
		{4680467B-BB44-4B3A-AC70-BA89C91D1AF1}.Debug|Any CPU.Build.0 = Debug|Any CPU
		{4680467B-BB44-4B3A-AC70-BA89C91D1AF1}.Release|Any CPU.ActiveCfg = Release|Any CPU
		{4680467B-BB44-4B3A-AC70-BA89C91D1AF1}.Release|Any CPU.Build.0 = Release|Any CPU
	EndGlobalSection
	GlobalSection(SolutionProperties) = preSolution
		HideSolutionNode = FALSE
	EndGlobalSection
	GlobalSection(ExtensibilityGlobals) = postSolution
		SolutionGuid = {E302B69A-13FE-4D1F-AD96-DFA8D252501C}
	EndGlobalSection
EndGlobal
