
Microsoft Visual Studio Solution File, Format Version 12.00
# Visual Studio 15
VisualStudioVersion = 15.0.26730.15
MinimumVisualStudioVersion = 10.0.40219.1
Project("{FAE04EC0-301F-11D3-BF4B-00C04F79EFBC}") = "Task7-linq", "Task7-linq\Task7-linq.csproj", "{5423A53F-5430-483C-B77E-891E17F44B95}"
EndProject
Project("{FAE04EC0-301F-11D3-BF4B-00C04F79EFBC}") = "LinqXML", "LinqXML\LinqXML.csproj", "{D64396C9-362E-4614-9AD4-26676C1C2BAE}"
EndProject
Project("{FAE04EC0-301F-11D3-BF4B-00C04F79EFBC}") = "LinqDB", "LinqDB\LinqDB.csproj", "{869E5071-5DF2-4C1C-BB3E-4A61AFD0B625}"
EndProject
Global
	GlobalSection(SolutionConfigurationPlatforms) = preSolution
		Debug|Any CPU = Debug|Any CPU
		Release|Any CPU = Release|Any CPU
	EndGlobalSection
	GlobalSection(ProjectConfigurationPlatforms) = postSolution
		{5423A53F-5430-483C-B77E-891E17F44B95}.Debug|Any CPU.ActiveCfg = Debug|Any CPU
		{5423A53F-5430-483C-B77E-891E17F44B95}.Debug|Any CPU.Build.0 = Debug|Any CPU
		{5423A53F-5430-483C-B77E-891E17F44B95}.Release|Any CPU.ActiveCfg = Release|Any CPU
		{5423A53F-5430-483C-B77E-891E17F44B95}.Release|Any CPU.Build.0 = Release|Any CPU
		{D64396C9-362E-4614-9AD4-26676C1C2BAE}.Debug|Any CPU.ActiveCfg = Debug|Any CPU
		{D64396C9-362E-4614-9AD4-26676C1C2BAE}.Debug|Any CPU.Build.0 = Debug|Any CPU
		{D64396C9-362E-4614-9AD4-26676C1C2BAE}.Release|Any CPU.ActiveCfg = Release|Any CPU
		{D64396C9-362E-4614-9AD4-26676C1C2BAE}.Release|Any CPU.Build.0 = Release|Any CPU
		{869E5071-5DF2-4C1C-BB3E-4A61AFD0B625}.Debug|Any CPU.ActiveCfg = Debug|Any CPU
		{869E5071-5DF2-4C1C-BB3E-4A61AFD0B625}.Debug|Any CPU.Build.0 = Debug|Any CPU
		{869E5071-5DF2-4C1C-BB3E-4A61AFD0B625}.Release|Any CPU.ActiveCfg = Release|Any CPU
		{869E5071-5DF2-4C1C-BB3E-4A61AFD0B625}.Release|Any CPU.Build.0 = Release|Any CPU
	EndGlobalSection
	GlobalSection(SolutionProperties) = preSolution
		HideSolutionNode = FALSE
	EndGlobalSection
	GlobalSection(ExtensibilityGlobals) = postSolution
		SolutionGuid = {746008C8-F6D8-462E-870D-23B75D4E991C}
	EndGlobalSection
EndGlobal
