
Microsoft Visual Studio Solution File, Format Version 12.00
# Visual Studio 15
VisualStudioVersion = 15.0.27428.2015
MinimumVisualStudioVersion = 10.0.40219.1
Project("{FAE04EC0-301F-11D3-BF4B-00C04F79EFBC}") = "Extensions", "Extensions\Extensions.csproj", "{9C356756-713A-4100-B2CA-0E7A614226D1}"
EndProject
Global
	GlobalSection(SolutionConfigurationPlatforms) = preSolution
		Debug|Any CPU = Debug|Any CPU
		Release|Any CPU = Release|Any CPU
	EndGlobalSection
	GlobalSection(ProjectConfigurationPlatforms) = postSolution
		{9C356756-713A-4100-B2CA-0E7A614226D1}.Debug|Any CPU.ActiveCfg = Debug|Any CPU
		{9C356756-713A-4100-B2CA-0E7A614226D1}.Debug|Any CPU.Build.0 = Debug|Any CPU
		{9C356756-713A-4100-B2CA-0E7A614226D1}.Release|Any CPU.ActiveCfg = Release|Any CPU
		{9C356756-713A-4100-B2CA-0E7A614226D1}.Release|Any CPU.Build.0 = Release|Any CPU
	EndGlobalSection
	GlobalSection(SolutionProperties) = preSolution
		HideSolutionNode = FALSE
	EndGlobalSection
	GlobalSection(ExtensibilityGlobals) = postSolution
		SolutionGuid = {49488D48-442D-4DFE-BC9A-3C0F42760265}
	EndGlobalSection
EndGlobal
